{
  "name": "scripts",
  "lockfileVersion": 2,
  "requires": true,
  "packages": {
    "": {
      "dependencies": {
        "@fortawesome/fontawesome-free": "^5.15.2",
        "@fortawesome/fontawesome-svg-core": "^1.2.34",
        "@fortawesome/free-brands-svg-icons": "^5.15.2",
        "@fortawesome/free-regular-svg-icons": "^5.15.2",
        "@fortawesome/free-solid-svg-icons": "^5.15.2"
      }
    },
    "node_modules/@fortawesome/fontawesome-common-types": {
      "version": "0.2.34",
      "resolved": "https://registry.npmjs.org/@fortawesome/fontawesome-common-types/-/fontawesome-common-types-0.2.34.tgz",
      "integrity": "sha512-XcIn3iYbTEzGIxD0/dY5+4f019jIcEIWBiHc3KrmK/ROahwxmZ/s+tdj97p/5K0klz4zZUiMfUlYP0ajhSJjmA==",
      "hasInstallScript": true,
      "engines": {
        "node": ">=6"
      }
    },
    "node_modules/@fortawesome/fontawesome-free": {
      "version": "5.15.2",
      "resolved": "https://registry.npmjs.org/@fortawesome/fontawesome-free/-/fontawesome-free-5.15.2.tgz",
      "integrity": "sha512-7l/AX41m609L/EXI9EKH3Vs3v0iA8tKlIOGtw+kgcoanI7p+e4I4GYLqW3UXWiTnjSFymKSmTTPKYrivzbxxqA==",
      "hasInstallScript": true,
      "engines": {
        "node": ">=6"
      }
    },
    "node_modules/@fortawesome/fontawesome-svg-core": {
      "version": "1.2.34",
      "resolved": "https://registry.npmjs.org/@fortawesome/fontawesome-svg-core/-/fontawesome-svg-core-1.2.34.tgz",
      "integrity": "sha512-0KNN0nc5eIzaJxlv43QcDmTkDY1CqeN6J7OCGSs+fwGPdtv0yOQqRjieopBCmw+yd7uD3N2HeNL3Zm5isDleLg==",
      "hasInstallScript": true,
      "dependencies": {
        "@fortawesome/fontawesome-common-types": "^0.2.34"
      },
      "engines": {
        "node": ">=6"
      }
    },
    "node_modules/@fortawesome/free-brands-svg-icons": {
      "version": "5.15.2",
      "resolved": "https://registry.npmjs.org/@fortawesome/free-brands-svg-icons/-/free-brands-svg-icons-5.15.2.tgz",
      "integrity": "sha512-YPlVjE1cEO+OJ9I9ay3TQ3I88+XkxMTYwnnddqAboxLhPNGncsHV0DjWOVLCyuAY66yPfyndWwVn4v7vuqsO1g==",
      "hasInstallScript": true,
      "dependencies": {
        "@fortawesome/fontawesome-common-types": "^0.2.34"
      },
      "engines": {
        "node": ">=6"
      }
    },
    "node_modules/@fortawesome/free-regular-svg-icons": {
      "version": "5.15.2",
      "resolved": "https://registry.npmjs.org/@fortawesome/free-regular-svg-icons/-/free-regular-svg-icons-5.15.2.tgz",
      "integrity": "sha512-Uv5NQCYjyisNVTu/1Xjs+z8vwQjbfT6hiqYvQNfF0n8qdgfWLM581bAfVMQ3BCs1SPy+eEUKNcGkK4n0FihFHg==",
      "hasInstallScript": true,
      "dependencies": {
        "@fortawesome/fontawesome-common-types": "^0.2.34"
      },
      "engines": {
        "node": ">=6"
      }
    },
    "node_modules/@fortawesome/free-solid-svg-icons": {
      "version": "5.15.2",
      "resolved": "https://registry.npmjs.org/@fortawesome/free-solid-svg-icons/-/free-solid-svg-icons-5.15.2.tgz",
      "integrity": "sha512-ZfCU+QjaFsdNZmOGmfqEWhzI3JOe37x5dF4kz9GeXvKn/sTxhqMtZ7mh3lBf76SvcYY5/GKFuyG7p1r4iWMQqw==",
      "hasInstallScript": true,
      "dependencies": {
        "@fortawesome/fontawesome-common-types": "^0.2.34"
      },
      "engines": {
        "node": ">=6"
      }
    }
  },
  "dependencies": {
    "@fortawesome/fontawesome-common-types": {
      "version": "0.2.34",
      "resolved": "https://registry.npmjs.org/@fortawesome/fontawesome-common-types/-/fontawesome-common-types-0.2.34.tgz",
      "integrity": "sha512-XcIn3iYbTEzGIxD0/dY5+4f019jIcEIWBiHc3KrmK/ROahwxmZ/s+tdj97p/5K0klz4zZUiMfUlYP0ajhSJjmA=="
    },
    "@fortawesome/fontawesome-free": {
      "version": "5.15.2",
      "resolved": "https://registry.npmjs.org/@fortawesome/fontawesome-free/-/fontawesome-free-5.15.2.tgz",
      "integrity": "sha512-7l/AX41m609L/EXI9EKH3Vs3v0iA8tKlIOGtw+kgcoanI7p+e4I4GYLqW3UXWiTnjSFymKSmTTPKYrivzbxxqA=="
    },
    "@fortawesome/fontawesome-svg-core": {
      "version": "1.2.34",
      "resolved": "https://registry.npmjs.org/@fortawesome/fontawesome-svg-core/-/fontawesome-svg-core-1.2.34.tgz",
      "integrity": "sha512-0KNN0nc5eIzaJxlv43QcDmTkDY1CqeN6J7OCGSs+fwGPdtv0yOQqRjieopBCmw+yd7uD3N2HeNL3Zm5isDleLg==",
      "requires": {
        "@fortawesome/fontawesome-common-types": "^0.2.34"
      }
    },
    "@fortawesome/free-brands-svg-icons": {
      "version": "5.15.2",
      "resolved": "https://registry.npmjs.org/@fortawesome/free-brands-svg-icons/-/free-brands-svg-icons-5.15.2.tgz",
      "integrity": "sha512-YPlVjE1cEO+OJ9I9ay3TQ3I88+XkxMTYwnnddqAboxLhPNGncsHV0DjWOVLCyuAY66yPfyndWwVn4v7vuqsO1g==",
      "requires": {
        "@fortawesome/fontawesome-common-types": "^0.2.34"
      }
    },
    "@fortawesome/free-regular-svg-icons": {
      "version": "5.15.2",
      "resolved": "https://registry.npmjs.org/@fortawesome/free-regular-svg-icons/-/free-regular-svg-icons-5.15.2.tgz",
      "integrity": "sha512-Uv5NQCYjyisNVTu/1Xjs+z8vwQjbfT6hiqYvQNfF0n8qdgfWLM581bAfVMQ3BCs1SPy+eEUKNcGkK4n0FihFHg==",
      "requires": {
        "@fortawesome/fontawesome-common-types": "^0.2.34"
      }
    },
    "@fortawesome/free-solid-svg-icons": {
      "version": "5.15.2",
      "resolved": "https://registry.npmjs.org/@fortawesome/free-solid-svg-icons/-/free-solid-svg-icons-5.15.2.tgz",
      "integrity": "sha512-ZfCU+QjaFsdNZmOGmfqEWhzI3JOe37x5dF4kz9GeXvKn/sTxhqMtZ7mh3lBf76SvcYY5/GKFuyG7p1r4iWMQqw==",
      "requires": {
        "@fortawesome/fontawesome-common-types": "^0.2.34"
      }
    }
  }
}
